
Microsoft Visual Studio Solution File, Format Version 12.00
# Visual Studio 14
VisualStudioVersion = 14.0.25123.0
MinimumVisualStudioVersion = 10.0.40219.1
Project("{FAE04EC0-301F-11D3-BF4B-00C04F79EFBC}") = "OrderTool_Serv", "OrderTool_Serv\OrderTool_Serv.csproj", "{8E411C84-9EA3-465F-BFE2-099CC25D0A34}"
EndProject
Project("{FAE04EC0-301F-11D3-BF4B-00C04F79EFBC}") = "test", "test\test.csproj", "{C6E893CC-1EBC-42A6-A2EB-119A45FFCF0F}"
EndProject
Global
	GlobalSection(SolutionConfigurationPlatforms) = preSolution
		Debug|Any CPU = Debug|Any CPU
		Release|Any CPU = Release|Any CPU
	EndGlobalSection
	GlobalSection(ProjectConfigurationPlatforms) = postSolution
		{8E411C84-9EA3-465F-BFE2-099CC25D0A34}.Debug|Any CPU.ActiveCfg = Debug|Any CPU
		{8E411C84-9EA3-465F-BFE2-099CC25D0A34}.Debug|Any CPU.Build.0 = Debug|Any CPU
		{8E411C84-9EA3-465F-BFE2-099CC25D0A34}.Release|Any CPU.ActiveCfg = Release|Any CPU
		{8E411C84-9EA3-465F-BFE2-099CC25D0A34}.Release|Any CPU.Build.0 = Release|Any CPU
		{C6E893CC-1EBC-42A6-A2EB-119A45FFCF0F}.Debug|Any CPU.ActiveCfg = Debug|Any CPU
		{C6E893CC-1EBC-42A6-A2EB-119A45FFCF0F}.Debug|Any CPU.Build.0 = Debug|Any CPU
		{C6E893CC-1EBC-42A6-A2EB-119A45FFCF0F}.Release|Any CPU.ActiveCfg = Release|Any CPU
		{C6E893CC-1EBC-42A6-A2EB-119A45FFCF0F}.Release|Any CPU.Build.0 = Release|Any CPU
	EndGlobalSection
	GlobalSection(SolutionProperties) = preSolution
		HideSolutionNode = FALSE
	EndGlobalSection
EndGlobal
